
Microsoft Visual Studio Solution File, Format Version 12.00
# Visual Studio 15
VisualStudioVersion = 15.0.28307.572
MinimumVisualStudioVersion = 10.0.40219.1
Project("{FAE04EC0-301F-11D3-BF4B-00C04F79EFBC}") = "MlsExclusive", "MlsExclusive\MlsExclusive.csproj", "{2A28C8AB-B2BD-4B28-AE98-BD33DAA2BE82}"
EndProject
Global
	GlobalSection(SolutionConfigurationPlatforms) = preSolution
		Debug|Any CPU = Debug|Any CPU
		Release|Any CPU = Release|Any CPU
	EndGlobalSection
	GlobalSection(ProjectConfigurationPlatforms) = postSolution
		{2A28C8AB-B2BD-4B28-AE98-BD33DAA2BE82}.Debug|Any CPU.ActiveCfg = Debug|Any CPU
		{2A28C8AB-B2BD-4B28-AE98-BD33DAA2BE82}.Debug|Any CPU.Build.0 = Debug|Any CPU
		{2A28C8AB-B2BD-4B28-AE98-BD33DAA2BE82}.Release|Any CPU.ActiveCfg = Release|Any CPU
		{2A28C8AB-B2BD-4B28-AE98-BD33DAA2BE82}.Release|Any CPU.Build.0 = Release|Any CPU
	EndGlobalSection
	GlobalSection(SolutionProperties) = preSolution
		HideSolutionNode = FALSE
	EndGlobalSection
	GlobalSection(ExtensibilityGlobals) = postSolution
		SolutionGuid = {B701F1DB-9E23-4BEE-AFC7-437081DD95B2}
	EndGlobalSection
EndGlobal
